
Microsoft Visual Studio Solution File, Format Version 12.00
# Visual Studio 2013
VisualStudioVersion = 12.0.30501.0
MinimumVisualStudioVersion = 10.0.40219.1
Project("{FAE04EC0-301F-11D3-BF4B-00C04F79EFBC}") = "hassan", "jungkookie\hassan.csproj", "{167B1003-9FCF-416E-97B4-F33FA1A67EF8}"
EndProject
Project("{FAE04EC0-301F-11D3-BF4B-00C04F79EFBC}") = "MyMvc.Dal", "MyMVC\MyMvc.Dal.csproj", "{D1A17536-BF1B-4C08-846B-E3A0E5158256}"
EndProject
Global
	GlobalSection(SolutionConfigurationPlatforms) = preSolution
		Debug|Any CPU = Debug|Any CPU
		Release|Any CPU = Release|Any CPU
	EndGlobalSection
	GlobalSection(ProjectConfigurationPlatforms) = postSolution
		{167B1003-9FCF-416E-97B4-F33FA1A67EF8}.Debug|Any CPU.ActiveCfg = Debug|Any CPU
		{167B1003-9FCF-416E-97B4-F33FA1A67EF8}.Debug|Any CPU.Build.0 = Debug|Any CPU
		{167B1003-9FCF-416E-97B4-F33FA1A67EF8}.Release|Any CPU.ActiveCfg = Release|Any CPU
		{167B1003-9FCF-416E-97B4-F33FA1A67EF8}.Release|Any CPU.Build.0 = Release|Any CPU
		{D1A17536-BF1B-4C08-846B-E3A0E5158256}.Debug|Any CPU.ActiveCfg = Debug|Any CPU
		{D1A17536-BF1B-4C08-846B-E3A0E5158256}.Debug|Any CPU.Build.0 = Debug|Any CPU
		{D1A17536-BF1B-4C08-846B-E3A0E5158256}.Release|Any CPU.ActiveCfg = Release|Any CPU
		{D1A17536-BF1B-4C08-846B-E3A0E5158256}.Release|Any CPU.Build.0 = Release|Any CPU
	EndGlobalSection
	GlobalSection(SolutionProperties) = preSolution
		HideSolutionNode = FALSE
	EndGlobalSection
EndGlobal
